
Microsoft Visual Studio Solution File, Format Version 12.00
# Visual Studio Version 17
VisualStudioVersion = 17.7.34221.43
MinimumVisualStudioVersion = 10.0.40219.1
Project("{9A19103F-16F7-4668-BE54-9A1E7A4F7556}") = "BlazorApp", "BlazorApp\BlazorApp.csproj", "{BCFCC3B8-85B7-4B8E-867D-13941A3B64FD}"
EndProject
Project("{9A19103F-16F7-4668-BE54-9A1E7A4F7556}") = "Domain", "..\Domain\Domain.csproj", "{E5854D2E-15FB-4D21-99E8-997F4D0558C1}"
EndProject
Project("{9A19103F-16F7-4668-BE54-9A1E7A4F7556}") = "Infrastructure", "..\Infrastructure\Infrastructure.csproj", "{DC8B1AD3-2799-42FF-AC9B-42E111743C48}"
EndProject
Project("{9A19103F-16F7-4668-BE54-9A1E7A4F7556}") = "Api", "Api\Api.csproj", "{3321BA49-6E26-45A3-9A1B-89915172005E}"
EndProject
Project("{9A19103F-16F7-4668-BE54-9A1E7A4F7556}") = "Api.DTO", "Api.DTO\Api.DTO.csproj", "{F25C1034-7990-4DCF-8181-4E013E4A911C}"
EndProject
Project("{FAE04EC0-301F-11D3-BF4B-00C04F79EFBC}") = "MauiClient", "MauiClient\MauiClient.csproj", "{4775EAC9-BBFB-4F94-B287-0F408EB979C3}"
EndProject
Global
	GlobalSection(SolutionConfigurationPlatforms) = preSolution
		Debug|Any CPU = Debug|Any CPU
		Release|Any CPU = Release|Any CPU
	EndGlobalSection
	GlobalSection(ProjectConfigurationPlatforms) = postSolution
		{BCFCC3B8-85B7-4B8E-867D-13941A3B64FD}.Debug|Any CPU.ActiveCfg = Debug|Any CPU
		{BCFCC3B8-85B7-4B8E-867D-13941A3B64FD}.Debug|Any CPU.Build.0 = Debug|Any CPU
		{BCFCC3B8-85B7-4B8E-867D-13941A3B64FD}.Release|Any CPU.ActiveCfg = Release|Any CPU
		{BCFCC3B8-85B7-4B8E-867D-13941A3B64FD}.Release|Any CPU.Build.0 = Release|Any CPU
		{E5854D2E-15FB-4D21-99E8-997F4D0558C1}.Debug|Any CPU.ActiveCfg = Debug|Any CPU
		{E5854D2E-15FB-4D21-99E8-997F4D0558C1}.Debug|Any CPU.Build.0 = Debug|Any CPU
		{E5854D2E-15FB-4D21-99E8-997F4D0558C1}.Release|Any CPU.ActiveCfg = Release|Any CPU
		{E5854D2E-15FB-4D21-99E8-997F4D0558C1}.Release|Any CPU.Build.0 = Release|Any CPU
		{DC8B1AD3-2799-42FF-AC9B-42E111743C48}.Debug|Any CPU.ActiveCfg = Debug|Any CPU
		{DC8B1AD3-2799-42FF-AC9B-42E111743C48}.Debug|Any CPU.Build.0 = Debug|Any CPU
		{DC8B1AD3-2799-42FF-AC9B-42E111743C48}.Release|Any CPU.ActiveCfg = Release|Any CPU
		{DC8B1AD3-2799-42FF-AC9B-42E111743C48}.Release|Any CPU.Build.0 = Release|Any CPU
		{3321BA49-6E26-45A3-9A1B-89915172005E}.Debug|Any CPU.ActiveCfg = Debug|Any CPU
		{3321BA49-6E26-45A3-9A1B-89915172005E}.Debug|Any CPU.Build.0 = Debug|Any CPU
		{3321BA49-6E26-45A3-9A1B-89915172005E}.Release|Any CPU.ActiveCfg = Release|Any CPU
		{3321BA49-6E26-45A3-9A1B-89915172005E}.Release|Any CPU.Build.0 = Release|Any CPU
		{F25C1034-7990-4DCF-8181-4E013E4A911C}.Debug|Any CPU.ActiveCfg = Debug|Any CPU
		{F25C1034-7990-4DCF-8181-4E013E4A911C}.Debug|Any CPU.Build.0 = Debug|Any CPU
		{F25C1034-7990-4DCF-8181-4E013E4A911C}.Release|Any CPU.ActiveCfg = Release|Any CPU
		{F25C1034-7990-4DCF-8181-4E013E4A911C}.Release|Any CPU.Build.0 = Release|Any CPU
		{4775EAC9-BBFB-4F94-B287-0F408EB979C3}.Debug|Any CPU.ActiveCfg = Debug|Any CPU
		{4775EAC9-BBFB-4F94-B287-0F408EB979C3}.Debug|Any CPU.Build.0 = Debug|Any CPU
		{4775EAC9-BBFB-4F94-B287-0F408EB979C3}.Debug|Any CPU.Deploy.0 = Debug|Any CPU
		{4775EAC9-BBFB-4F94-B287-0F408EB979C3}.Release|Any CPU.ActiveCfg = Release|Any CPU
		{4775EAC9-BBFB-4F94-B287-0F408EB979C3}.Release|Any CPU.Build.0 = Release|Any CPU
		{4775EAC9-BBFB-4F94-B287-0F408EB979C3}.Release|Any CPU.Deploy.0 = Release|Any CPU
	EndGlobalSection
	GlobalSection(SolutionProperties) = preSolution
		HideSolutionNode = FALSE
	EndGlobalSection
	GlobalSection(ExtensibilityGlobals) = postSolution
		SolutionGuid = {A2FB74AB-BD4A-4F43-A2AF-C132EB117B86}
	EndGlobalSection
EndGlobal
